
Microsoft Visual Studio Solution File, Format Version 12.00
# Visual Studio Version 17
VisualStudioVersion = 17.11.35327.3
MinimumVisualStudioVersion = 10.0.40219.1
Project("{FAE04EC0-301F-11D3-BF4B-00C04F79EFBC}") = "LAB 6 - OOP arv", "LAB 6 - OOP arv.csproj", "{ACCDBC8F-4232-4516-A240-3F7AA6034514}"
EndProject
Global
	GlobalSection(SolutionConfigurationPlatforms) = preSolution
		Debug|Any CPU = Debug|Any CPU
		Release|Any CPU = Release|Any CPU
	EndGlobalSection
	GlobalSection(ProjectConfigurationPlatforms) = postSolution
		{ACCDBC8F-4232-4516-A240-3F7AA6034514}.Debug|Any CPU.ActiveCfg = Debug|Any CPU
		{ACCDBC8F-4232-4516-A240-3F7AA6034514}.Debug|Any CPU.Build.0 = Debug|Any CPU
		{ACCDBC8F-4232-4516-A240-3F7AA6034514}.Release|Any CPU.ActiveCfg = Release|Any CPU
		{ACCDBC8F-4232-4516-A240-3F7AA6034514}.Release|Any CPU.Build.0 = Release|Any CPU
	EndGlobalSection
	GlobalSection(SolutionProperties) = preSolution
		HideSolutionNode = FALSE
	EndGlobalSection
	GlobalSection(ExtensibilityGlobals) = postSolution
		SolutionGuid = {4517D39A-A5C2-4380-A6E2-7EADB89BCBCC}
	EndGlobalSection
EndGlobal
